
Microsoft Visual Studio Solution File, Format Version 12.00
# Visual Studio Version 16
VisualStudioVersion = 16.0.30907.101
MinimumVisualStudioVersion = 10.0.40219.1
Project("{9A19103F-16F7-4668-BE54-9A1E7A4F7556}") = "mc-sharp", "mc-sharp\mc-sharp.csproj", "{8FF10815-EB14-4513-A66E-34F63CCED8A7}"
EndProject
Global
	GlobalSection(SolutionConfigurationPlatforms) = preSolution
		Debug|Any CPU = Debug|Any CPU
		Release|Any CPU = Release|Any CPU
	EndGlobalSection
	GlobalSection(ProjectConfigurationPlatforms) = postSolution
		{8FF10815-EB14-4513-A66E-34F63CCED8A7}.Debug|Any CPU.ActiveCfg = Debug|Any CPU
		{8FF10815-EB14-4513-A66E-34F63CCED8A7}.Debug|Any CPU.Build.0 = Debug|Any CPU
		{8FF10815-EB14-4513-A66E-34F63CCED8A7}.Release|Any CPU.ActiveCfg = Release|Any CPU
		{8FF10815-EB14-4513-A66E-34F63CCED8A7}.Release|Any CPU.Build.0 = Release|Any CPU
	EndGlobalSection
	GlobalSection(SolutionProperties) = preSolution
		HideSolutionNode = FALSE
	EndGlobalSection
	GlobalSection(ExtensibilityGlobals) = postSolution
		SolutionGuid = {42696EBF-9726-4879-A2AA-C73544D7D77D}
	EndGlobalSection
EndGlobal
